Microsoft Visual Studio Solution File, Format Version 12.00
# Visual Studio Version 17
VisualStudioVersion = 17.5.2.0
MinimumVisualStudioVersion = 10.0.40219.1
Project("{FAE04EC0-301F-11D3-BF4B-00C04F79EFBC}") = "console", "console\console.csproj", "{4C074499-B055-7471-2414-75766D22C168}"
EndProject
Project("{FAE04EC0-301F-11D3-BF4B-00C04F79EFBC}") = "webapi", "webapi\webapi.csproj", "{8D6B33C5-CEE1-20B5-A207-99CBB61F699C}"
EndProject
Project("{FAE04EC0-301F-11D3-BF4B-00C04F79EFBC}") = "webapiaot", "webapiaot\webapiaot.csproj", "{D1DC4926-79E3-8A0C-8F5C-6BCE9026DAB1}"
EndProject
Global
	GlobalSection(SolutionConfigurationPlatforms) = preSolution
		Debug|Any CPU = Debug|Any CPU
		Release|Any CPU = Release|Any CPU
	EndGlobalSection
	GlobalSection(ProjectConfigurationPlatforms) = postSolution
		{4C074499-B055-7471-2414-75766D22C168}.Debug|Any CPU.ActiveCfg = Debug|Any CPU
		{4C074499-B055-7471-2414-75766D22C168}.Debug|Any CPU.Build.0 = Debug|Any CPU
		{4C074499-B055-7471-2414-75766D22C168}.Release|Any CPU.ActiveCfg = Release|Any CPU
		{4C074499-B055-7471-2414-75766D22C168}.Release|Any CPU.Build.0 = Release|Any CPU
		{8D6B33C5-CEE1-20B5-A207-99CBB61F699C}.Debug|Any CPU.ActiveCfg = Debug|Any CPU
		{8D6B33C5-CEE1-20B5-A207-99CBB61F699C}.Debug|Any CPU.Build.0 = Debug|Any CPU
		{8D6B33C5-CEE1-20B5-A207-99CBB61F699C}.Release|Any CPU.ActiveCfg = Release|Any CPU
		{8D6B33C5-CEE1-20B5-A207-99CBB61F699C}.Release|Any CPU.Build.0 = Release|Any CPU
		{D1DC4926-79E3-8A0C-8F5C-6BCE9026DAB1}.Debug|Any CPU.ActiveCfg = Debug|Any CPU
		{D1DC4926-79E3-8A0C-8F5C-6BCE9026DAB1}.Debug|Any CPU.Build.0 = Debug|Any CPU
		{D1DC4926-79E3-8A0C-8F5C-6BCE9026DAB1}.Release|Any CPU.ActiveCfg = Release|Any CPU
		{D1DC4926-79E3-8A0C-8F5C-6BCE9026DAB1}.Release|Any CPU.Build.0 = Release|Any CPU
	EndGlobalSection
	GlobalSection(SolutionProperties) = preSolution
		HideSolutionNode = FALSE
	EndGlobalSection
	GlobalSection(ExtensibilityGlobals) = postSolution
		SolutionGuid = {BAC9FD84-9497-4145-AF7B-CE1A4535A80C}
	EndGlobalSection
EndGlobal
